
Microsoft Visual Studio Solution File, Format Version 12.00
# Visual Studio Version 16
VisualStudioVersion = 16.0.29519.181
MinimumVisualStudioVersion = 10.0.40219.1
Project("{9A19103F-16F7-4668-BE54-9A1E7A4F7556}") = "NativeCollections", "NativeCollections\NativeCollections.csproj", "{FEDDD3A9-2533-40B9-A25F-9E63A7A8A265}"
EndProject
Project("{FAE04EC0-301F-11D3-BF4B-00C04F79EFBC}") = "ConsoleApp", "ConsoleApp\ConsoleApp.csproj", "{AB66646B-978F-4A5F-9680-0F61979BC82F}"
EndProject
Global
	GlobalSection(SolutionConfigurationPlatforms) = preSolution
		Debug|Any CPU = Debug|Any CPU
		Release|Any CPU = Release|Any CPU
	EndGlobalSection
	GlobalSection(ProjectConfigurationPlatforms) = postSolution
		{FEDDD3A9-2533-40B9-A25F-9E63A7A8A265}.Debug|Any CPU.ActiveCfg = Debug|Any CPU
		{FEDDD3A9-2533-40B9-A25F-9E63A7A8A265}.Debug|Any CPU.Build.0 = Debug|Any CPU
		{FEDDD3A9-2533-40B9-A25F-9E63A7A8A265}.Release|Any CPU.ActiveCfg = Release|Any CPU
		{FEDDD3A9-2533-40B9-A25F-9E63A7A8A265}.Release|Any CPU.Build.0 = Release|Any CPU
		{AB66646B-978F-4A5F-9680-0F61979BC82F}.Debug|Any CPU.ActiveCfg = Debug|Any CPU
		{AB66646B-978F-4A5F-9680-0F61979BC82F}.Debug|Any CPU.Build.0 = Debug|Any CPU
		{AB66646B-978F-4A5F-9680-0F61979BC82F}.Release|Any CPU.ActiveCfg = Release|Any CPU
		{AB66646B-978F-4A5F-9680-0F61979BC82F}.Release|Any CPU.Build.0 = Release|Any CPU
	EndGlobalSection
	GlobalSection(SolutionProperties) = preSolution
		HideSolutionNode = FALSE
	EndGlobalSection
	GlobalSection(ExtensibilityGlobals) = postSolution
		SolutionGuid = {A28CAFE0-6946-4955-89FA-46D3825802ED}
	EndGlobalSection
EndGlobal
